
Microsoft Visual Studio Solution File, Format Version 12.00
# Visual Studio 15
VisualStudioVersion = 15.0.27428.2027
MinimumVisualStudioVersion = 10.0.40219.1
Project("{FAE04EC0-301F-11D3-BF4B-00C04F79EFBC}") = "Garage2", "Garage2\Garage2.csproj", "{32601040-52BD-4F00-BDB6-1DB6A64E6BF6}"
EndProject
Global
	GlobalSection(SolutionConfigurationPlatforms) = preSolution
		Debug|Any CPU = Debug|Any CPU
		Release|Any CPU = Release|Any CPU
	EndGlobalSection
	GlobalSection(ProjectConfigurationPlatforms) = postSolution
		{32601040-52BD-4F00-BDB6-1DB6A64E6BF6}.Debug|Any CPU.ActiveCfg = Debug|Any CPU
		{32601040-52BD-4F00-BDB6-1DB6A64E6BF6}.Debug|Any CPU.Build.0 = Debug|Any CPU
		{32601040-52BD-4F00-BDB6-1DB6A64E6BF6}.Release|Any CPU.ActiveCfg = Release|Any CPU
		{32601040-52BD-4F00-BDB6-1DB6A64E6BF6}.Release|Any CPU.Build.0 = Release|Any CPU
	EndGlobalSection
	GlobalSection(SolutionProperties) = preSolution
		HideSolutionNode = FALSE
	EndGlobalSection
	GlobalSection(ExtensibilityGlobals) = postSolution
		SolutionGuid = {1466A2B1-4532-47DD-A6D5-B8C8B21C8C0A}
	EndGlobalSection
EndGlobal
